# This file is automatically @generated by Poetry 1.4.2 and should not be changed by hand.

[[package]]
name = "hotloaded-plugins"
version = "0.1.0"
description = ""
category = "main"
optional = false
python-versions = "^3.11"
files = []
develop = false

[package.source]
type = "git"
url = "git@github.com:BVengo/hotloaded-plugins.git"
reference = "HEAD"
resolved_reference = "94d86da46fcb1526a46971f4e5320be1edb9c547"

[metadata]
lock-version = "2.0"
python-versions = "^3.11"
content-hash = "a9402bc09ac1821e35eafa1b6a20e43b9475ed1e686d02d84c2549841e241dc2"
